
Microsoft Visual Studio Solution File, Format Version 12.00
# Visual Studio Version 17
VisualStudioVersion = 17.13.35806.99 d17.13
MinimumVisualStudioVersion = 10.0.40219.1
Project("{FAE04EC0-301F-11D3-BF4B-00C04F79EFBC}") = "Passaporala_Oyunu", "Passaporala_Oyunu.csproj", "{BFA48F6A-B802-401D-BCF6-34CE8AF70404}"
EndProject
Global
	GlobalSection(SolutionConfigurationPlatforms) = preSolution
		Debug|Any CPU = Debug|Any CPU
		Release|Any CPU = Release|Any CPU
	EndGlobalSection
	GlobalSection(ProjectConfigurationPlatforms) = postSolution
		{BFA48F6A-B802-401D-BCF6-34CE8AF70404}.Debug|Any CPU.ActiveCfg = Debug|Any CPU
		{BFA48F6A-B802-401D-BCF6-34CE8AF70404}.Debug|Any CPU.Build.0 = Debug|Any CPU
		{BFA48F6A-B802-401D-BCF6-34CE8AF70404}.Release|Any CPU.ActiveCfg = Release|Any CPU
		{BFA48F6A-B802-401D-BCF6-34CE8AF70404}.Release|Any CPU.Build.0 = Release|Any CPU
	EndGlobalSection
	GlobalSection(SolutionProperties) = preSolution
		HideSolutionNode = FALSE
	EndGlobalSection
	GlobalSection(ExtensibilityGlobals) = postSolution
		SolutionGuid = {7239A784-9823-4248-9011-4A6B9237240E}
	EndGlobalSection
EndGlobal
