
Microsoft Visual Studio Solution File, Format Version 12.00
# Visual Studio Version 17
VisualStudioVersion = 17.13.35806.99 d17.13
MinimumVisualStudioVersion = 10.0.40219.1
Project("{FAE04EC0-301F-11D3-BF4B-00C04F79EFBC}") = "Not_Kayit_Sistemi", "Not_Kayit_Sistemi.csproj", "{2B6D1D71-CEF3-4F86-9E09-0FDFD53923E7}"
EndProject
Global
	GlobalSection(SolutionConfigurationPlatforms) = preSolution
		Debug|Any CPU = Debug|Any CPU
		Release|Any CPU = Release|Any CPU
	EndGlobalSection
	GlobalSection(ProjectConfigurationPlatforms) = postSolution
		{2B6D1D71-CEF3-4F86-9E09-0FDFD53923E7}.Debug|Any CPU.ActiveCfg = Debug|Any CPU
		{2B6D1D71-CEF3-4F86-9E09-0FDFD53923E7}.Debug|Any CPU.Build.0 = Debug|Any CPU
		{2B6D1D71-CEF3-4F86-9E09-0FDFD53923E7}.Release|Any CPU.ActiveCfg = Release|Any CPU
		{2B6D1D71-CEF3-4F86-9E09-0FDFD53923E7}.Release|Any CPU.Build.0 = Release|Any CPU
	EndGlobalSection
	GlobalSection(SolutionProperties) = preSolution
		HideSolutionNode = FALSE
	EndGlobalSection
	GlobalSection(ExtensibilityGlobals) = postSolution
		SolutionGuid = {75AD5BAE-B7E4-478A-8B97-5A2E7B3B568D}
	EndGlobalSection
EndGlobal
